
Microsoft Visual Studio Solution File, Format Version 12.00
# Visual Studio Version 17
VisualStudioVersion = 17.12.35707.178
MinimumVisualStudioVersion = 10.0.40219.1
Project("{FAE04EC0-301F-11D3-BF4B-00C04F79EFBC}") = "OdataProj.Server", "OdataProj\OdataProj.Server.csproj", "{D2940DF9-C1CB-459C-A30B-695103849F3E}"
EndProject
Project("{FAE04EC0-301F-11D3-BF4B-00C04F79EFBC}") = "OdataProj.DAL", "OdataProj.DAL\OdataProj.DAL.csproj", "{5206DA5C-BB36-4C9F-9EEB-531D47121844}"
EndProject
Project("{FAE04EC0-301F-11D3-BF4B-00C04F79EFBC}") = "OdataProj.Shared", "OdataProj.Shared\OdataProj.Shared.csproj", "{014C2C36-0557-46DD-A16B-542C35217F08}"
EndProject
Global
	GlobalSection(SolutionConfigurationPlatforms) = preSolution
		Debug|Any CPU = Debug|Any CPU
		Release|Any CPU = Release|Any CPU
	EndGlobalSection
	GlobalSection(ProjectConfigurationPlatforms) = postSolution
		{D2940DF9-C1CB-459C-A30B-695103849F3E}.Debug|Any CPU.ActiveCfg = Debug|Any CPU
		{D2940DF9-C1CB-459C-A30B-695103849F3E}.Debug|Any CPU.Build.0 = Debug|Any CPU
		{D2940DF9-C1CB-459C-A30B-695103849F3E}.Release|Any CPU.ActiveCfg = Release|Any CPU
		{D2940DF9-C1CB-459C-A30B-695103849F3E}.Release|Any CPU.Build.0 = Release|Any CPU
		{5206DA5C-BB36-4C9F-9EEB-531D47121844}.Debug|Any CPU.ActiveCfg = Debug|Any CPU
		{5206DA5C-BB36-4C9F-9EEB-531D47121844}.Debug|Any CPU.Build.0 = Debug|Any CPU
		{5206DA5C-BB36-4C9F-9EEB-531D47121844}.Release|Any CPU.ActiveCfg = Release|Any CPU
		{5206DA5C-BB36-4C9F-9EEB-531D47121844}.Release|Any CPU.Build.0 = Release|Any CPU
		{014C2C36-0557-46DD-A16B-542C35217F08}.Debug|Any CPU.ActiveCfg = Debug|Any CPU
		{014C2C36-0557-46DD-A16B-542C35217F08}.Debug|Any CPU.Build.0 = Debug|Any CPU
		{014C2C36-0557-46DD-A16B-542C35217F08}.Release|Any CPU.ActiveCfg = Release|Any CPU
		{014C2C36-0557-46DD-A16B-542C35217F08}.Release|Any CPU.Build.0 = Release|Any CPU
	EndGlobalSection
	GlobalSection(SolutionProperties) = preSolution
		HideSolutionNode = FALSE
	EndGlobalSection
EndGlobal
